
Microsoft Visual Studio Solution File, Format Version 12.00
# Visual Studio Version 17
VisualStudioVersion = 17.10.35013.160
MinimumVisualStudioVersion = 10.0.40219.1
Project("{FAE04EC0-301F-11D3-BF4B-00C04F79EFBC}") = "saiti", "saiti\saiti.csproj", "{58DF086B-B863-47A9-BE48-B0624B5B18D4}"
EndProject
Global
	GlobalSection(SolutionConfigurationPlatforms) = preSolution
		Debug|Any CPU = Debug|Any CPU
		Release|Any CPU = Release|Any CPU
	EndGlobalSection
	GlobalSection(ProjectConfigurationPlatforms) = postSolution
		{58DF086B-B863-47A9-BE48-B0624B5B18D4}.Debug|Any CPU.ActiveCfg = Debug|Any CPU
		{58DF086B-B863-47A9-BE48-B0624B5B18D4}.Debug|Any CPU.Build.0 = Debug|Any CPU
		{58DF086B-B863-47A9-BE48-B0624B5B18D4}.Release|Any CPU.ActiveCfg = Release|Any CPU
		{58DF086B-B863-47A9-BE48-B0624B5B18D4}.Release|Any CPU.Build.0 = Release|Any CPU
	EndGlobalSection
	GlobalSection(SolutionProperties) = preSolution
		HideSolutionNode = FALSE
	EndGlobalSection
	GlobalSection(ExtensibilityGlobals) = postSolution
		SolutionGuid = {0EDE4D1A-C23F-4620-908A-6BB204260D13}
	EndGlobalSection
EndGlobal
